
Microsoft Visual Studio Solution File, Format Version 12.00
# Visual Studio Version 16
VisualStudioVersion = 16.0.29613.14
MinimumVisualStudioVersion = 10.0.40219.1
Project("{9A19103F-16F7-4668-BE54-9A1E7A4F7556}") = "PocServiceBus.BusMessaging", "PocServiceBus.MessageBus\PocServiceBus.BusMessaging.csproj", "{1D2E53DD-F13D-465A-A3D9-A2EBFC7DFA59}"
EndProject
Project("{9A19103F-16F7-4668-BE54-9A1E7A4F7556}") = "PocServiceBus.Core", "PocServiceBus.Core\PocServiceBus.Core.csproj", "{99E96AC3-70EF-415A-9FFD-7068E918DCE2}"
EndProject
Project("{9A19103F-16F7-4668-BE54-9A1E7A4F7556}") = "PocServiceBus.Api", "PocServiceBus.Api\PocServiceBus.Api.csproj", "{37D35A9C-645C-45CC-AE98-C52E0DBBAB77}"
EndProject
Global
	GlobalSection(SolutionConfigurationPlatforms) = preSolution
		Debug|Any CPU = Debug|Any CPU
		Release|Any CPU = Release|Any CPU
	EndGlobalSection
	GlobalSection(ProjectConfigurationPlatforms) = postSolution
		{1D2E53DD-F13D-465A-A3D9-A2EBFC7DFA59}.Debug|Any CPU.ActiveCfg = Debug|Any CPU
		{1D2E53DD-F13D-465A-A3D9-A2EBFC7DFA59}.Debug|Any CPU.Build.0 = Debug|Any CPU
		{1D2E53DD-F13D-465A-A3D9-A2EBFC7DFA59}.Release|Any CPU.ActiveCfg = Release|Any CPU
		{1D2E53DD-F13D-465A-A3D9-A2EBFC7DFA59}.Release|Any CPU.Build.0 = Release|Any CPU
		{99E96AC3-70EF-415A-9FFD-7068E918DCE2}.Debug|Any CPU.ActiveCfg = Debug|Any CPU
		{99E96AC3-70EF-415A-9FFD-7068E918DCE2}.Debug|Any CPU.Build.0 = Debug|Any CPU
		{99E96AC3-70EF-415A-9FFD-7068E918DCE2}.Release|Any CPU.ActiveCfg = Release|Any CPU
		{99E96AC3-70EF-415A-9FFD-7068E918DCE2}.Release|Any CPU.Build.0 = Release|Any CPU
		{37D35A9C-645C-45CC-AE98-C52E0DBBAB77}.Debug|Any CPU.ActiveCfg = Debug|Any CPU
		{37D35A9C-645C-45CC-AE98-C52E0DBBAB77}.Debug|Any CPU.Build.0 = Debug|Any CPU
		{37D35A9C-645C-45CC-AE98-C52E0DBBAB77}.Release|Any CPU.ActiveCfg = Release|Any CPU
		{37D35A9C-645C-45CC-AE98-C52E0DBBAB77}.Release|Any CPU.Build.0 = Release|Any CPU
	EndGlobalSection
	GlobalSection(SolutionProperties) = preSolution
		HideSolutionNode = FALSE
	EndGlobalSection
	GlobalSection(ExtensibilityGlobals) = postSolution
		SolutionGuid = {7E4FDCE4-804C-4F8D-89FA-682807F17DCB}
	EndGlobalSection
EndGlobal
